// !$*UTF8*$!
{
	archiveVersion = 1;
	classes = {
	};
	objectVersion = 51;
	objects = {

/* Begin PBXBuildFile section */
		04CEF0FF288B330200E75435 /* AppDelegate.swift in Sources */ = {isa = PBXBuildFile; fileRef = 04CEF0FE288B330200E75435 /* AppDelegate.swift */; };
		04CEF101288B330200E75435 /* SceneDelegate.swift in Sources */ = {isa = PBXBuildFile; fileRef = 04CEF100288B330200E75435 /* SceneDelegate.swift */; };
		04CEF103288B330200E75435 /* ViewController.swift in Sources */ = {isa = PBXBuildFile; fileRef = 04CEF102288B330200E75435 /* ViewController.swift */; };
		04CEF106288B330200E75435 /* Main.storyboard in Resources */ = {isa = PBXBuildFile; fileRef = 04CEF104288B330200E75435 /* Main.storyboard */; };
		04CEF108288B331300E75435 /* Assets.xcassets in Resources */ = {isa = PBXBuildFile; fileRef = 04CEF107288B331300E75435 /* Assets.xcassets */; };
		04CEF10B288B331300E75435 /* LaunchScreen.storyboard in Resources */ = {isa = PBXBuildFile; fileRef = 04CEF109288B331300E75435 /* LaunchScreen.storyboard */; };
		04CEF116288B34B100E75435 /* ApiClient.swift in Sources */ = {isa = PBXBuildFile; fileRef = 04CEF115288B34B000E75435 /* ApiClient.swift */; };
		04CEF119288B351F00E75435 /* Posts.swift in Sources */ = {isa = PBXBuildFile; fileRef = 04CEF118288B351F00E75435 /* Posts.swift */; };
		87A4DB8F02B7364B081FAF45 /* Pods_Posts.framework in Frameworks */ = {isa = PBXBuildFile; fileRef = 335BC41910ACA8C1D8A3AE9F /* Pods_Posts.framework */; };
/* End PBXBuildFile section */

/* Begin PBXFileReference section */
		04CEF0FB288B330200E75435 /* Posts.app */ = {isa = PBXFileReference; explicitFileType = wrapper.application; includeInIndex = 0; path = Posts.app; sourceTree = BUILT_PRODUCTS_DIR; };
		04CEF0FE288B330200E75435 /* AppDelegate.swift */ = {isa = PBXFileReference; lastKnownFileType = sourcecode.swift; path = AppDelegate.swift; sourceTree = "<group>"; };
		04CEF100288B330200E75435 /* SceneDelegate.swift */ = {isa = PBXFileReference; lastKnownFileType = sourcecode.swift; path = SceneDelegate.swift; sourceTree = "<group>"; };
		04CEF102288B330200E75435 /* ViewController.swift */ = {isa = PBXFileReference; lastKnownFileType = sourcecode.swift; path = ViewController.swift; sourceTree = "<group>"; };
		04CEF105288B330200E75435 /* Base */ = {isa = PBXFileReference; lastKnownFileType = file.storyboard; name = Base; path = Base.lproj/Main.storyboard; sourceTree = "<group>"; };
		04CEF107288B331300E75435 /* Assets.xcassets */ = {isa = PBXFileReference; lastKnownFileType = folder.assetcatalog; path = Assets.xcassets; sourceTree = "<group>"; };
		04CEF10A288B331300E75435 /* Base */ = {isa = PBXFileReference; lastKnownFileType = file.storyboard; name = Base; path = Base.lproj/LaunchScreen.storyboard; sourceTree = "<group>"; };
		04CEF10C288B331300E75435 /* Info.plist */ = {isa = PBXFileReference; lastKnownFileType = text.plist.xml; path = Info.plist; sourceTree = "<group>"; };
		04CEF115288B34B000E75435 /* ApiClient.swift */ = {isa = PBXFileReference; lastKnownFileType = sourcecode.swift; path = ApiClient.swift; sourceTree = "<group>"; };
		04CEF118288B351F00E75435 /* Posts.swift */ = {isa = PBXFileReference; lastKnownFileType = sourcecode.swift; path = Posts.swift; sourceTree = "<group>"; };
		335BC41910ACA8C1D8A3AE9F /* Pods_Posts.framework */ = {isa = PBXFileReference; explicitFileType = wrapper.framework; includeInIndex = 0; path = Pods_Posts.framework; sourceTree = BUILT_PRODUCTS_DIR; };
		5DBAA9807691DF052DCA595A /* Pods-Posts.release.xcconfig */ = {isa = PBXFileReference; includeInIndex = 1; lastKnownFileType = text.xcconfig; name = "Pods-Posts.release.xcconfig"; path = "Target Support Files/Pods-Posts/Pods-Posts.release.xcconfig"; sourceTree = "<group>"; };
		606C31254BB202404A16EEBC /* Pods-Posts.debug.xcconfig */ = {isa = PBXFileReference; includeInIndex = 1; lastKnownFileType = text.xcconfig; name = "Pods-Posts.debug.xcconfig"; path = "Target Support Files/Pods-Posts/Pods-Posts.debug.xcconfig"; sourceTree = "<group>"; };
/* End PBXFileReference section */

/* Begin PBXFrameworksBuildPhase section */
		04CEF0F8288B330200E75435 /* Frameworks */ = {
			isa = PBXFrameworksBuildPhase;
			buildActionMask = 2147483647;
			files = (
				87A4DB8F02B7364B081FAF45 /* Pods_Posts.framework in Frameworks */,
			);
			runOnlyForDeploymentPostprocessing = 0;
		};
/* End PBXFrameworksBuildPhase section */

/* Begin PBXGroup section */
		04CEF0F2288B330200E75435 = {
			isa = PBXGroup;
			children = (
				04CEF0FD288B330200E75435 /* Posts */,
				04CEF0FC288B330200E75435 /* Products */,
				3A3A9A8CCA2D15F8C4337393 /* Pods */,
				8F6E072978310C0C336E501C /* Frameworks */,
			);
			sourceTree = "<group>";
		};
		04CEF0FC288B330200E75435 /* Products */ = {
			isa = PBXGroup;
			children = (
				04CEF0FB288B330200E75435 /* Posts.app */,
			);
			name = Products;
			sourceTree = "<group>";
		};
		04CEF0FD288B330200E75435 /* Posts */ = {
			isa = PBXGroup;
			children = (
				04CEF0FE288B330200E75435 /* AppDelegate.swift */,
				04CEF100288B330200E75435 /* SceneDelegate.swift */,
				04CEF102288B330200E75435 /* ViewController.swift */,
				04CEF114288B348F00E75435 /* Model */,
				04CEF104288B330200E75435 /* Main.storyboard */,
				04CEF107288B331300E75435 /* Assets.xcassets */,
				04CEF109288B331300E75435 /* LaunchScreen.storyboard */,
				04CEF10C288B331300E75435 /* Info.plist */,
			);
			path = Posts;
			sourceTree = "<group>";
		};
		04CEF114288B348F00E75435 /* Model */ = {
			isa = PBXGroup;
			children = (
				04CEF115288B34B000E75435 /* ApiClient.swift */,
				04CEF118288B351F00E75435 /* Posts.swift */,
			);
			path = Model;
			sourceTree = "<group>";
		};
		3A3A9A8CCA2D15F8C4337393 /* Pods */ = {
			isa = PBXGroup;
			children = (
				606C31254BB202404A16EEBC /* Pods-Posts.debug.xcconfig */,
				5DBAA9807691DF052DCA595A /* Pods-Posts.release.xcconfig */,
			);
			path = Pods;
			sourceTree = "<group>";
		};
		8F6E072978310C0C336E501C /* Frameworks */ = {
			isa = PBXGroup;
			children = (
				335BC41910ACA8C1D8A3AE9F /* Pods_Posts.framework */,
			);
			name = Frameworks;
			sourceTree = "<group>";
		};
/* End PBXGroup section */

/* Begin PBXNativeTarget section */
		04CEF0FA288B330200E75435 /* Posts */ = {
			isa = PBXNativeTarget;
			buildConfigurationList = 04CEF10F288B331800E75435 /* Build configuration list for PBXNativeTarget "Posts" */;
			buildPhases = (
				6A25C2E0FA935771CA490411 /* [CP] Check Pods Manifest.lock */,
				04CEF0F7288B330200E75435 /* Sources */,
				04CEF0F8288B330200E75435 /* Frameworks */,
				04CEF0F9288B330200E75435 /* Resources */,
				50F1A9818D2BDB009ED51349 /* [CP] Embed Pods Frameworks */,
			);
			buildRules = (
			);
			dependencies = (
			);
			name = Posts;
			productName = Posts;
			productReference = 04CEF0FB288B330200E75435 /* Posts.app */;
			productType = "com.apple.product-type.application";
		};
/* End PBXNativeTarget section */

/* Begin PBXProject section */
		04CEF0F3288B330200E75435 /* Project object */ = {
			isa = PBXProject;
			attributes = {
				LastSwiftUpdateCheck = 1240;
				LastUpgradeCheck = 1240;
				TargetAttributes = {
					04CEF0FA288B330200E75435 = {
						CreatedOnToolsVersion = 12.4;
					};
				};
			};
			buildConfigurationList = 04CEF0F6288B330200E75435 /* Build configuration list for PBXProject "Posts" */;
			compatibilityVersion = "Xcode 9.3";
			developmentRegion = en;
			hasScannedForEncodings = 0;
			knownRegions = (
				en,
				Base,
			);
			mainGroup = 04CEF0F2288B330200E75435;
			productRefGroup = 04CEF0FC288B330200E75435 /* Products */;
			projectDirPath = "";
			projectRoot = "";
			targets = (
				04CEF0FA288B330200E75435 /* Posts */,
			);
		};
/* End PBXProject section */

/* Begin PBXResourcesBuildPhase section */
		04CEF0F9288B330200E75435 /* Resources */ = {
			isa = PBXResourcesBuildPhase;
			buildActionMask = 2147483647;
			files = (
				04CEF10B288B331300E75435 /* LaunchScreen.storyboard in Resources */,
				04CEF108288B331300E75435 /* Assets.xcassets in Resources */,
				04CEF106288B330200E75435 /* Main.storyboard in Resources */,
			);
			runOnlyForDeploymentPostprocessing = 0;
		};
/* End PBXResourcesBuildPhase section */

/* Begin PBXShellScriptBuildPhase section */
		50F1A9818D2BDB009ED51349 /* [CP] Embed Pods Frameworks */ = {
			isa = PBXShellScriptBuildPhase;
			buildActionMask = 2147483647;
			files = (
			);
			inputFileListPaths = (
				"${PODS_ROOT}/Target Support Files/Pods-Posts/Pods-Posts-frameworks-${CONFIGURATION}-input-files.xcfilelist",
			);
			name = "[CP] Embed Pods Frameworks";
			outputFileListPaths = (
				"${PODS_ROOT}/Target Support Files/Pods-Posts/Pods-Posts-frameworks-${CONFIGURATION}-output-files.xcfilelist",
			);
			runOnlyForDeploymentPostprocessing = 0;
			shellPath = /bin/sh;
			shellScript = "\"${PODS_ROOT}/Target Support Files/Pods-Posts/Pods-Posts-frameworks.sh\"\n";
			showEnvVarsInLog = 0;
		};
		6A25C2E0FA935771CA490411 /* [CP] Check Pods Manifest.lock */ = {
			isa = PBXShellScriptBuildPhase;
			buildActionMask = 2147483647;
			files = (
			);
			inputFileListPaths = (
			);
			inputPaths = (
				"${PODS_PODFILE_DIR_PATH}/Podfile.lock",
				"${PODS_ROOT}/Manifest.lock",
			);
			name = "[CP] Check Pods Manifest.lock";
			outputFileListPaths = (
			);
			outputPaths = (
				"$(DERIVED_FILE_DIR)/Pods-Posts-checkManifestLockResult.txt",
			);
			runOnlyForDeploymentPostprocessing = 0;
			shellPath = /bin/sh;
			shellScript = "diff \"${PODS_PODFILE_DIR_PATH}/Podfile.lock\" \"${PODS_ROOT}/Manifest.lock\" > /dev/null\nif [ $? != 0 ] ; then\n    # print error to STDERR\n    echo \"error: The sandbox is not in sync with the Podfile.lock. Run 'pod install' or update your CocoaPods installation.\" >&2\n    exit 1\nfi\n# This output is used by Xcode 'outputs' to avoid re-running this script phase.\necho \"SUCCESS\" > \"${SCRIPT_OUTPUT_FILE_0}\"\n";
			showEnvVarsInLog = 0;
		};
/* End PBXShellScriptBuildPhase section */

/* Begin PBXSourcesBuildPhase section */
		04CEF0F7288B330200E75435 /* Sources */ = {
			isa = PBXSourcesBuildPhase;
			buildActionMask = 2147483647;
			files = (
				04CEF103288B330200E75435 /* ViewController.swift in Sources */,
				04CEF0FF288B330200E75435 /* AppDelegate.swift in Sources */,
				04CEF119288B351F00E75435 /* Posts.swift in Sources */,
				04CEF101288B330200E75435 /* SceneDelegate.swift in Sources */,
				04CEF116288B34B100E75435 /* ApiClient.swift in Sources */,
			);
			runOnlyForDeploymentPostprocessing = 0;
		};
/* End PBXSourcesBuildPhase section */

/* Begin PBXVariantGroup section */
		04CEF104288B330200E75435 /* Main.storyboard */ = {
			isa = PBXVariantGroup;
			children = (
				04CEF105288B330200E75435 /* Base */,
			);
			name = Main.storyboard;
			sourceTree = "<group>";
		};
		04CEF109288B331300E75435 /* LaunchScreen.storyboard */ = {
			isa = PBXVariantGroup;
			children = (
				04CEF10A288B331300E75435 /* Base */,
			);
			name = LaunchScreen.storyboard;
			sourceTree = "<group>";
		};
/* End PBXVariantGroup section */

/* Begin XCBuildConfiguration section */
		04CEF10D288B331300E75435 /* Debug */ = {
			isa = XCBuildConfiguration;
			buildSettings = {
				ALWAYS_SEARCH_USER_PATHS = NO;
				CLANG_ANALYZER_NONNULL = YES;
				CLANG_ANALYZER_NUMBER_OBJECT_CONVERSION = YES_AGGRESSIVE;
				CLANG_CXX_LANGUAGE_STANDARD = "gnu++14";
				CLANG_CXX_LIBRARY = "libc++";
				CLANG_ENABLE_MODULES = YES;
				CLANG_ENABLE_OBJC_ARC = YES;
				CLANG_ENABLE_OBJC_WEAK = YES;
				CLANG_WARN_BLOCK_CAPTURE_AUTORELEASING = YES;
				CLANG_WARN_BOOL_CONVERSION = YES;
				CLANG_WARN_COMMA = YES;
				CLANG_WARN_CONSTANT_CONVERSION = YES;
				CLANG_WARN_DEPRECATED_OBJC_IMPLEMENTATIONS = YES;
				CLANG_WARN_DIRECT_OBJC_ISA_USAGE = YES_ERROR;
				CLANG_WARN_DOCUMENTATION_COMMENTS = YES;
				CLANG_WARN_EMPTY_BODY = YES;
				CLANG_WARN_ENUM_CONVERSION = YES;
				CLANG_WARN_INFINITE_RECURSION = YES;
				CLANG_WARN_INT_CONVERSION = YES;
				CLANG_WARN_NON_LITERAL_NULL_CONVERSION = YES;
				CLANG_WARN_OBJC_IMPLICIT_RETAIN_SELF = YES;
				CLANG_WARN_OBJC_LITERAL_CONVERSION = YES;
				CLANG_WARN_OBJC_ROOT_CLASS = YES_ERROR;
				CLANG_WARN_QUOTED_INCLUDE_IN_FRAMEWORK_HEADER = YES;
				CLANG_WARN_RANGE_LOOP_ANALYSIS = YES;
				CLANG_WARN_STRICT_PROTOTYPES = YES;
				CLANG_WARN_SUSPICIOUS_MOVE = YES;
				CLANG_WARN_UNGUARDED_AVAILABILITY = YES_AGGRESSIVE;
				CLANG_WARN_UNREACHABLE_CODE = YES;
				CLANG_WARN__DUPLICATE_METHOD_MATCH = YES;
				COPY_PHASE_STRIP = NO;
				DEBUG_INFORMATION_FORMAT = dwarf;
				ENABLE_STRICT_OBJC_MSGSEND = YES;
				ENABLE_TESTABILITY = YES;
				GCC_C_LANGUAGE_STANDARD = gnu11;
				GCC_DYNAMIC_NO_PIC = NO;
				GCC_NO_COMMON_BLOCKS = YES;
				GCC_OPTIMIZATION_LEVEL = 0;
				GCC_PREPROCESSOR_DEFINITIONS = (
					"DEBUG=1",
					"$(inherited)",
				);
				GCC_WARN_64_TO_32_BIT_CONVERSION = YES;
				GCC_WARN_ABOUT_RETURN_TYPE = YES_ERROR;
				GCC_WARN_UNDECLARED_SELECTOR = YES;
				GCC_WARN_UNINITIALIZED_AUTOS = YES_AGGRESSIVE;
				GCC_WARN_UNUSED_FUNCTION = YES;
				GCC_WARN_UNUSED_VARIABLE = YES;
				IPHONEOS_DEPLOYMENT_TARGET = 14.4;
				MTL_ENABLE_DEBUG_INFO = INCLUDE_SOURCE;
				MTL_FAST_MATH = YES;
				ONLY_ACTIVE_ARCH = YES;
				SDKROOT = iphoneos;
				SWIFT_ACTIVE_COMPILATION_CONDITIONS = DEBUG;
				SWIFT_OPTIMIZATION_LEVEL = "-Onone";
			};
			name = Debug;
		};
		04CEF10E288B331300E75435 /* Release */ = {
			isa = XCBuildConfiguration;
			buildSettings = {
				ALWAYS_SEARCH_USER_PATHS = NO;
				CLANG_ANALYZER_NONNULL = YES;
				CLANG_ANALYZER_NUMBER_OBJECT_CONVERSION = YES_AGGRESSIVE;
				CLANG_CXX_LANGUAGE_STANDARD = "gnu++14";
				CLANG_CXX_LIBRARY = "libc++";
				CLANG_ENABLE_MODULES = YES;
				CLANG_ENABLE_OBJC_ARC = YES;
				CLANG_ENABLE_OBJC_WEAK = YES;
				CLANG_WARN_BLOCK_CAPTURE_AUTORELEASING = YES;
				CLANG_WARN_BOOL_CONVERSION = YES;
				CLANG_WARN_COMMA = YES;
				CLANG_WARN_CONSTANT_CONVERSION = YES;
				CLANG_WARN_DEPRECATED_OBJC_IMPLEMENTATIONS = YES;
				CLANG_WARN_DIRECT_OBJC_ISA_USAGE = YES_ERROR;
				CLANG_WARN_DOCUMENTATION_COMMENTS = YES;
				CLANG_WARN_EMPTY_BODY = YES;
				CLANG_WARN_ENUM_CONVERSION = YES;
				CLANG_WARN_INFINITE_RECURSION = YES;
				CLANG_WARN_INT_CONVERSION = YES;
				CLANG_WARN_NON_LITERAL_NULL_CONVERSION = YES;
				CLANG_WARN_OBJC_IMPLICIT_RETAIN_SELF = YES;
				CLANG_WARN_OBJC_LITERAL_CONVERSION = YES;
				CLANG_WARN_OBJC_ROOT_CLASS = YES_ERROR;
				CLANG_WARN_QUOTED_INCLUDE_IN_FRAMEWORK_HEADER = YES;
				CLANG_WARN_RANGE_LOOP_ANALYSIS = YES;
				CLANG_WARN_STRICT_PROTOTYPES = YES;
				CLANG_WARN_SUSPICIOUS_MOVE = YES;
				CLANG_WARN_UNGUARDED_AVAILABILITY = YES_AGGRESSIVE;
				CLANG_WARN_UNREACHABLE_CODE = YES;
				CLANG_WARN__DUPLICATE_METHOD_MATCH = YES;
				COPY_PHASE_STRIP = NO;
				DEBUG_INFORMATION_FORMAT = "dwarf-with-dsym";
				ENABLE_NS_ASSERTIONS = NO;
				ENABLE_STRICT_OBJC_MSGSEND = YES;
				GCC_C_LANGUAGE_STANDARD = gnu11;
				GCC_NO_COMMON_BLOCKS = YES;
				GCC_WARN_64_TO_32_BIT_CONVERSION = YES;
				GCC_WARN_ABOUT_RETURN_TYPE = YES_ERROR;
				GCC_WARN_UNDECLARED_SELECTOR = YES;
				GCC_WARN_UNINITIALIZED_AUTOS = YES_AGGRESSIVE;
				GCC_WARN_UNUSED_FUNCTION = YES;
				GCC_WARN_UNUSED_VARIABLE = YES;
				IPHONEOS_DEPLOYMENT_TARGET = 14.4;
				MTL_ENABLE_DEBUG_INFO = NO;
				MTL_FAST_MATH = YES;
				SDKROOT = iphoneos;
				SWIFT_COMPILATION_MODE = wholemodule;
				SWIFT_OPTIMIZATION_LEVEL = "-O";
				VALIDATE_PRODUCT = YES;
			};
			name = Release;
		};
		04CEF110288B331800E75435 /* Debug */ = {
			isa = XCBuildConfiguration;
			baseConfigurationReference = 606C31254BB202404A16EEBC /* Pods-Posts.debug.xcconfig */;
			buildSettings = {
				ASSETCATALOG_COMPILER_APPICON_NAME = AppIcon;
				ASSETCATALOG_COMPILER_GLOBAL_ACCENT_COLOR_NAME = AccentColor;
				CODE_SIGN_STYLE = Automatic;
				DEVELOPMENT_TEAM = D2LGM6V4S9;
				INFOPLIST_FILE = Posts/Info.plist;
				LD_RUNPATH_SEARCH_PATHS = (
					"$(inherited)",
					"@executable_path/Frameworks",
				);
				PRODUCT_BUNDLE_IDENTIFIER = com.Andrey.Boyko.Posts;
				PRODUCT_NAME = "$(TARGET_NAME)";
				SWIFT_VERSION = 5.0;
				TARGETED_DEVICE_FAMILY = "1,2";
			};
			name = Debug;
		};
		04CEF111288B331800E75435 /* Release */ = {
			isa = XCBuildConfiguration;
			baseConfigurationReference = 5DBAA9807691DF052DCA595A /* Pods-Posts.release.xcconfig */;
			buildSettings = {
				ASSETCATALOG_COMPILER_APPICON_NAME = AppIcon;
				ASSETCATALOG_COMPILER_GLOBAL_ACCENT_COLOR_NAME = AccentColor;
				CODE_SIGN_STYLE = Automatic;
				DEVELOPMENT_TEAM = D2LGM6V4S9;
				INFOPLIST_FILE = Posts/Info.plist;
				LD_RUNPATH_SEARCH_PATHS = (
					"$(inherited)",
					"@executable_path/Frameworks",
				);
				PRODUCT_BUNDLE_IDENTIFIER = com.Andrey.Boyko.Posts;
				PRODUCT_NAME = "$(TARGET_NAME)";
				SWIFT_VERSION = 5.0;
				TARGETED_DEVICE_FAMILY = "1,2";
			};
			name = Release;
		};
/* End XCBuildConfiguration section */

/* Begin XCConfigurationList section */
		04CEF0F6288B330200E75435 /* Build configuration list for PBXProject "Posts" */ = {
			isa = XCConfigurationList;
			buildConfigurations = (
				04CEF10D288B331300E75435 /* Debug */,
				04CEF10E288B331300E75435 /* Release */,
			);
			defaultConfigurationIsVisible = 0;
			defaultConfigurationName = Release;
		};
		04CEF10F288B331800E75435 /* Build configuration list for PBXNativeTarget "Posts" */ = {
			isa = XCConfigurationList;
			buildConfigurations = (
				04CEF110288B331800E75435 /* Debug */,
				04CEF111288B331800E75435 /* Release */,
			);
			defaultConfigurationIsVisible = 0;
			defaultConfigurationName = Release;
		};
/* End XCConfigurationList section */
	};
	rootObject = 04CEF0F3288B330200E75435 /* Project object */;
}
